
Microsoft Visual Studio Solution File, Format Version 12.00
# Visual Studio Version 17
VisualStudioVersion = 17.14.36429.23
MinimumVisualStudioVersion = 10.0.40219.1
Project("{FAE04EC0-301F-11D3-BF4B-00C04F79EFBC}") = "WPF", "WPF\WPF.csproj", "{5A2B713E-B28D-430D-AF5E-FB21667183DD}"
EndProject
Project("{FAE04EC0-301F-11D3-BF4B-00C04F79EFBC}") = "Grid", "Grid\Grid.csproj", "{8CB839CF-BDD8-4F1A-ABEA-E4D4756579CA}"
EndProject
Project("{2150E333-8FDC-42A3-9474-1A3956D46DE8}") = "Solution Items", "Solution Items", "{8EC462FD-D22E-90A8-E5CE-7E832BA40C5D}"
	ProjectSection(SolutionItems) = preProject
		Ico\palm.ico = Ico\palm.ico
	EndProjectSection
EndProject
Project("{FAE04EC0-301F-11D3-BF4B-00C04F79EFBC}") = "WPF_HW1", "WPF_HW1\WPF_HW1.csproj", "{8875B8EA-7291-4D2D-B0F6-A87049F93F16}"
EndProject
Project("{FAE04EC0-301F-11D3-BF4B-00C04F79EFBC}") = "MenuBar", "MenuBar\MenuBar.csproj", "{EB563933-C1A5-40FB-BF25-3D3E80A0A9BB}"
EndProject
Project("{FAE04EC0-301F-11D3-BF4B-00C04F79EFBC}") = "CustomTextBoxControl", "CustomTextBoxControl\CustomTextBoxControl.csproj", "{F8D352B6-C64D-4FBD-B3AC-949BA2AA0F73}"
EndProject
Project("{FAE04EC0-301F-11D3-BF4B-00C04F79EFBC}") = "Binding", "Binding\Binding.csproj", "{4C8C3B8B-9BFB-406D-B2DE-98969CB05188}"
EndProject
Project("{FAE04EC0-301F-11D3-BF4B-00C04F79EFBC}") = "Dialogs", "Dialogs\Dialogs.csproj", "{CD2844A6-22B4-4E54-ABD6-BDF0BDEC6401}"
EndProject
Project("{FAE04EC0-301F-11D3-BF4B-00C04F79EFBC}") = "IPAddress", "IPAddress\IPAddress.csproj", "{F1A07CA2-B1DC-40A5-818D-6109691221CE}"
EndProject
Project("{FAE04EC0-301F-11D3-BF4B-00C04F79EFBC}") = "ListBox", "ListBox\ListBox.csproj", "{F3CF2C19-8E97-47B2-8A3C-72A7C155238E}"
EndProject
Project("{FAE04EC0-301F-11D3-BF4B-00C04F79EFBC}") = "WPF_HW3_Notepad", "WPF_HW3_Notepad\WPF_HW3_Notepad.csproj", "{0B4A9949-3CDF-412C-A26E-020285CA28D2}"
EndProject
Global
	GlobalSection(SolutionConfigurationPlatforms) = preSolution
		Debug|Any CPU = Debug|Any CPU
		Release|Any CPU = Release|Any CPU
	EndGlobalSection
	GlobalSection(ProjectConfigurationPlatforms) = postSolution
		{5A2B713E-B28D-430D-AF5E-FB21667183DD}.Debug|Any CPU.ActiveCfg = Debug|Any CPU
		{5A2B713E-B28D-430D-AF5E-FB21667183DD}.Debug|Any CPU.Build.0 = Debug|Any CPU
		{5A2B713E-B28D-430D-AF5E-FB21667183DD}.Release|Any CPU.ActiveCfg = Release|Any CPU
		{5A2B713E-B28D-430D-AF5E-FB21667183DD}.Release|Any CPU.Build.0 = Release|Any CPU
		{8CB839CF-BDD8-4F1A-ABEA-E4D4756579CA}.Debug|Any CPU.ActiveCfg = Debug|Any CPU
		{8CB839CF-BDD8-4F1A-ABEA-E4D4756579CA}.Debug|Any CPU.Build.0 = Debug|Any CPU
		{8CB839CF-BDD8-4F1A-ABEA-E4D4756579CA}.Release|Any CPU.ActiveCfg = Release|Any CPU
		{8CB839CF-BDD8-4F1A-ABEA-E4D4756579CA}.Release|Any CPU.Build.0 = Release|Any CPU
		{8875B8EA-7291-4D2D-B0F6-A87049F93F16}.Debug|Any CPU.ActiveCfg = Debug|Any CPU
		{8875B8EA-7291-4D2D-B0F6-A87049F93F16}.Debug|Any CPU.Build.0 = Debug|Any CPU
		{8875B8EA-7291-4D2D-B0F6-A87049F93F16}.Release|Any CPU.ActiveCfg = Release|Any CPU
		{8875B8EA-7291-4D2D-B0F6-A87049F93F16}.Release|Any CPU.Build.0 = Release|Any CPU
		{EB563933-C1A5-40FB-BF25-3D3E80A0A9BB}.Debug|Any CPU.ActiveCfg = Debug|Any CPU
		{EB563933-C1A5-40FB-BF25-3D3E80A0A9BB}.Debug|Any CPU.Build.0 = Debug|Any CPU
		{EB563933-C1A5-40FB-BF25-3D3E80A0A9BB}.Release|Any CPU.ActiveCfg = Release|Any CPU
		{EB563933-C1A5-40FB-BF25-3D3E80A0A9BB}.Release|Any CPU.Build.0 = Release|Any CPU
		{F8D352B6-C64D-4FBD-B3AC-949BA2AA0F73}.Debug|Any CPU.ActiveCfg = Debug|Any CPU
		{F8D352B6-C64D-4FBD-B3AC-949BA2AA0F73}.Debug|Any CPU.Build.0 = Debug|Any CPU
		{F8D352B6-C64D-4FBD-B3AC-949BA2AA0F73}.Release|Any CPU.ActiveCfg = Release|Any CPU
		{F8D352B6-C64D-4FBD-B3AC-949BA2AA0F73}.Release|Any CPU.Build.0 = Release|Any CPU
		{4C8C3B8B-9BFB-406D-B2DE-98969CB05188}.Debug|Any CPU.ActiveCfg = Debug|Any CPU
		{4C8C3B8B-9BFB-406D-B2DE-98969CB05188}.Debug|Any CPU.Build.0 = Debug|Any CPU
		{4C8C3B8B-9BFB-406D-B2DE-98969CB05188}.Release|Any CPU.ActiveCfg = Release|Any CPU
		{4C8C3B8B-9BFB-406D-B2DE-98969CB05188}.Release|Any CPU.Build.0 = Release|Any CPU
		{CD2844A6-22B4-4E54-ABD6-BDF0BDEC6401}.Debug|Any CPU.ActiveCfg = Debug|Any CPU
		{CD2844A6-22B4-4E54-ABD6-BDF0BDEC6401}.Debug|Any CPU.Build.0 = Debug|Any CPU
		{CD2844A6-22B4-4E54-ABD6-BDF0BDEC6401}.Release|Any CPU.ActiveCfg = Release|Any CPU
		{CD2844A6-22B4-4E54-ABD6-BDF0BDEC6401}.Release|Any CPU.Build.0 = Release|Any CPU
		{F1A07CA2-B1DC-40A5-818D-6109691221CE}.Debug|Any CPU.ActiveCfg = Debug|Any CPU
		{F1A07CA2-B1DC-40A5-818D-6109691221CE}.Debug|Any CPU.Build.0 = Debug|Any CPU
		{F1A07CA2-B1DC-40A5-818D-6109691221CE}.Release|Any CPU.ActiveCfg = Release|Any CPU
		{F1A07CA2-B1DC-40A5-818D-6109691221CE}.Release|Any CPU.Build.0 = Release|Any CPU
		{F3CF2C19-8E97-47B2-8A3C-72A7C155238E}.Debug|Any CPU.ActiveCfg = Debug|Any CPU
		{F3CF2C19-8E97-47B2-8A3C-72A7C155238E}.Debug|Any CPU.Build.0 = Debug|Any CPU
		{F3CF2C19-8E97-47B2-8A3C-72A7C155238E}.Release|Any CPU.ActiveCfg = Release|Any CPU
		{F3CF2C19-8E97-47B2-8A3C-72A7C155238E}.Release|Any CPU.Build.0 = Release|Any CPU
		{0B4A9949-3CDF-412C-A26E-020285CA28D2}.Debug|Any CPU.ActiveCfg = Debug|Any CPU
		{0B4A9949-3CDF-412C-A26E-020285CA28D2}.Debug|Any CPU.Build.0 = Debug|Any CPU
		{0B4A9949-3CDF-412C-A26E-020285CA28D2}.Release|Any CPU.ActiveCfg = Release|Any CPU
		{0B4A9949-3CDF-412C-A26E-020285CA28D2}.Release|Any CPU.Build.0 = Release|Any CPU
	EndGlobalSection
	GlobalSection(SolutionProperties) = preSolution
		HideSolutionNode = FALSE
	EndGlobalSection
	GlobalSection(ExtensibilityGlobals) = postSolution
		SolutionGuid = {ACAF28E6-F612-4D01-82FF-854E5F802A8D}
	EndGlobalSection
EndGlobal
